// !$*UTF8*$!
{
	archiveVersion = 1;
	classes = {
	};
	objectVersion = 55;
	objects = {

/* Begin PBXBuildFile section */
		2585941227BBF1BC0097B70A /* AppDelegate.swift in Sources */ = {isa = PBXBuildFile; fileRef = 2585941127BBF1BC0097B70A /* AppDelegate.swift */; };
		2585941427BBF1BC0097B70A /* SceneDelegate.swift in Sources */ = {isa = PBXBuildFile; fileRef = 2585941327BBF1BC0097B70A /* SceneDelegate.swift */; };
		2585941627BBF1BC0097B70A /* LoginViewController.swift in Sources */ = {isa = PBXBuildFile; fileRef = 2585941527BBF1BC0097B70A /* LoginViewController.swift */; };
		2585941927BBF1BC0097B70A /* Main.storyboard in Resources */ = {isa = PBXBuildFile; fileRef = 2585941727BBF1BC0097B70A /* Main.storyboard */; };
		2585941B27BBF1BD0097B70A /* Assets.xcassets in Resources */ = {isa = PBXBuildFile; fileRef = 2585941A27BBF1BD0097B70A /* Assets.xcassets */; };
		2585941E27BBF1BD0097B70A /* LaunchScreen.storyboard in Resources */ = {isa = PBXBuildFile; fileRef = 2585941C27BBF1BD0097B70A /* LaunchScreen.storyboard */; };
		2585942927BBF1BE0097B70A /* SusugramTests.swift in Sources */ = {isa = PBXBuildFile; fileRef = 2585942827BBF1BE0097B70A /* SusugramTests.swift */; };
		2585943327BBF1BE0097B70A /* SusugramUITests.swift in Sources */ = {isa = PBXBuildFile; fileRef = 2585943227BBF1BE0097B70A /* SusugramUITests.swift */; };
		2585943527BBF1BE0097B70A /* SusugramUITestsLaunchTests.swift in Sources */ = {isa = PBXBuildFile; fileRef = 2585943427BBF1BE0097B70A /* SusugramUITestsLaunchTests.swift */; };
		2585944827BC29300097B70A /* HomeViewController.swift in Sources */ = {isa = PBXBuildFile; fileRef = 2585944627BC29300097B70A /* HomeViewController.swift */; };
		2585944927BC29300097B70A /* HomeViewController.xib in Resources */ = {isa = PBXBuildFile; fileRef = 2585944727BC29300097B70A /* HomeViewController.xib */; };
		2585944C27BC2B360097B70A /* RegisterViewController.swift in Sources */ = {isa = PBXBuildFile; fileRef = 2585944A27BC2B360097B70A /* RegisterViewController.swift */; };
		2585944D27BC2B360097B70A /* RegisterViewController.xib in Resources */ = {isa = PBXBuildFile; fileRef = 2585944B27BC2B360097B70A /* RegisterViewController.xib */; };
		2585944F27BC31DE0097B70A /* User.swift in Sources */ = {isa = PBXBuildFile; fileRef = 2585944E27BC31DE0097B70A /* User.swift */; };
		2585945827BC54200097B70A /* MainTabViewController.swift in Sources */ = {isa = PBXBuildFile; fileRef = 2585945627BC54200097B70A /* MainTabViewController.swift */; };
		2585945927BC54200097B70A /* MainTabViewController.xib in Resources */ = {isa = PBXBuildFile; fileRef = 2585945727BC54200097B70A /* MainTabViewController.xib */; };
/* End PBXBuildFile section */

/* Begin PBXContainerItemProxy section */
		2585942527BBF1BE0097B70A /* PBXContainerItemProxy */ = {
			isa = PBXContainerItemProxy;
			containerPortal = 2585940627BBF1BC0097B70A /* Project object */;
			proxyType = 1;
			remoteGlobalIDString = 2585940D27BBF1BC0097B70A;
			remoteInfo = Susugram;
		};
		2585942F27BBF1BE0097B70A /* PBXContainerItemProxy */ = {
			isa = PBXContainerItemProxy;
			containerPortal = 2585940627BBF1BC0097B70A /* Project object */;
			proxyType = 1;
			remoteGlobalIDString = 2585940D27BBF1BC0097B70A;
			remoteInfo = Susugram;
		};
/* End PBXContainerItemProxy section */

/* Begin PBXFileReference section */
		2585940E27BBF1BC0097B70A /* Susugram.app */ = {isa = PBXFileReference; explicitFileType = wrapper.application; includeInIndex = 0; path = Susugram.app; sourceTree = BUILT_PRODUCTS_DIR; };
		2585941127BBF1BC0097B70A /* AppDelegate.swift */ = {isa = PBXFileReference; lastKnownFileType = sourcecode.swift; path = AppDelegate.swift; sourceTree = "<group>"; };
		2585941327BBF1BC0097B70A /* SceneDelegate.swift */ = {isa = PBXFileReference; lastKnownFileType = sourcecode.swift; path = SceneDelegate.swift; sourceTree = "<group>"; };
		2585941527BBF1BC0097B70A /* LoginViewController.swift */ = {isa = PBXFileReference; lastKnownFileType = sourcecode.swift; path = LoginViewController.swift; sourceTree = "<group>"; };
		2585941827BBF1BC0097B70A /* Base */ = {isa = PBXFileReference; lastKnownFileType = file.storyboard; name = Base; path = Base.lproj/Main.storyboard; sourceTree = "<group>"; };
		2585941A27BBF1BD0097B70A /* Assets.xcassets */ = {isa = PBXFileReference; lastKnownFileType = folder.assetcatalog; path = Assets.xcassets; sourceTree = "<group>"; };
		2585941D27BBF1BD0097B70A /* Base */ = {isa = PBXFileReference; lastKnownFileType = file.storyboard; name = Base; path = Base.lproj/LaunchScreen.storyboard; sourceTree = "<group>"; };
		2585941F27BBF1BD0097B70A /* Info.plist */ = {isa = PBXFileReference; lastKnownFileType = text.plist.xml; path = Info.plist; sourceTree = "<group>"; };
		2585942427BBF1BE0097B70A /* SusugramTests.xctest */ = {isa = PBXFileReference; explicitFileType = wrapper.cfbundle; includeInIndex = 0; path = SusugramTests.xctest; sourceTree = BUILT_PRODUCTS_DIR; };
		2585942827BBF1BE0097B70A /* SusugramTests.swift */ = {isa = PBXFileReference; lastKnownFileType = sourcecode.swift; path = SusugramTests.swift; sourceTree = "<group>"; };
		2585942E27BBF1BE0097B70A /* SusugramUITests.xctest */ = {isa = PBXFileReference; explicitFileType = wrapper.cfbundle; includeInIndex = 0; path = SusugramUITests.xctest; sourceTree = BUILT_PRODUCTS_DIR; };
		2585943227BBF1BE0097B70A /* SusugramUITests.swift */ = {isa = PBXFileReference; lastKnownFileType = sourcecode.swift; path = SusugramUITests.swift; sourceTree = "<group>"; };
		2585943427BBF1BE0097B70A /* SusugramUITestsLaunchTests.swift */ = {isa = PBXFileReference; lastKnownFileType = sourcecode.swift; path = SusugramUITestsLaunchTests.swift; sourceTree = "<group>"; };
		2585944627BC29300097B70A /* HomeViewController.swift */ = {isa = PBXFileReference; lastKnownFileType = sourcecode.swift; path = HomeViewController.swift; sourceTree = "<group>"; };
		2585944727BC29300097B70A /* HomeViewController.xib */ = {isa = PBXFileReference; lastKnownFileType = file.xib; path = HomeViewController.xib; sourceTree = "<group>"; };
		2585944A27BC2B360097B70A /* RegisterViewController.swift */ = {isa = PBXFileReference; lastKnownFileType = sourcecode.swift; path = RegisterViewController.swift; sourceTree = "<group>"; };
		2585944B27BC2B360097B70A /* RegisterViewController.xib */ = {isa = PBXFileReference; lastKnownFileType = file.xib; path = RegisterViewController.xib; sourceTree = "<group>"; };
		2585944E27BC31DE0097B70A /* User.swift */ = {isa = PBXFileReference; lastKnownFileType = sourcecode.swift; path = User.swift; sourceTree = "<group>"; };
		2585945627BC54200097B70A /* MainTabViewController.swift */ = {isa = PBXFileReference; lastKnownFileType = sourcecode.swift; path = MainTabViewController.swift; sourceTree = "<group>"; };
		2585945727BC54200097B70A /* MainTabViewController.xib */ = {isa = PBXFileReference; lastKnownFileType = file.xib; path = MainTabViewController.xib; sourceTree = "<group>"; };
/* End PBXFileReference section */

/* Begin PBXFrameworksBuildPhase section */
		2585940B27BBF1BC0097B70A /* Frameworks */ = {
			isa = PBXFrameworksBuildPhase;
			buildActionMask = 2147483647;
			files = (
			);
			runOnlyForDeploymentPostprocessing = 0;
		};
		2585942127BBF1BE0097B70A /* Frameworks */ = {
			isa = PBXFrameworksBuildPhase;
			buildActionMask = 2147483647;
			files = (
			);
			runOnlyForDeploymentPostprocessing = 0;
		};
		2585942B27BBF1BE0097B70A /* Frameworks */ = {
			isa = PBXFrameworksBuildPhase;
			buildActionMask = 2147483647;
			files = (
			);
			runOnlyForDeploymentPostprocessing = 0;
		};
/* End PBXFrameworksBuildPhase section */

/* Begin PBXGroup section */
		2585940527BBF1BC0097B70A = {
			isa = PBXGroup;
			children = (
				2585941027BBF1BC0097B70A /* Susugram */,
				2585940F27BBF1BC0097B70A /* Products */,
			);
			sourceTree = "<group>";
		};
		2585940F27BBF1BC0097B70A /* Products */ = {
			isa = PBXGroup;
			children = (
				2585940E27BBF1BC0097B70A /* Susugram.app */,
				2585942427BBF1BE0097B70A /* SusugramTests.xctest */,
				2585942E27BBF1BE0097B70A /* SusugramUITests.xctest */,
			);
			name = Products;
			sourceTree = "<group>";
		};
		2585941027BBF1BC0097B70A /* Susugram */ = {
			isa = PBXGroup;
			children = (
				2585944527BBF36D0097B70A /* Models */,
				2585944427BBF3680097B70A /* Views */,
				2585944327BBF3610097B70A /* Controllers */,
				2585944227BBF2420097B70A /* Tests */,
				2585944127BBF2390097B70A /* Supporting Files */,
			);
			path = Susugram;
			sourceTree = "<group>";
		};
		2585942727BBF1BE0097B70A /* SusugramTests */ = {
			isa = PBXGroup;
			children = (
				2585942827BBF1BE0097B70A /* SusugramTests.swift */,
			);
			path = SusugramTests;
			sourceTree = "<group>";
		};
		2585943127BBF1BE0097B70A /* SusugramUITests */ = {
			isa = PBXGroup;
			children = (
				2585943227BBF1BE0097B70A /* SusugramUITests.swift */,
				2585943427BBF1BE0097B70A /* SusugramUITestsLaunchTests.swift */,
			);
			path = SusugramUITests;
			sourceTree = "<group>";
		};
		2585944127BBF2390097B70A /* Supporting Files */ = {
			isa = PBXGroup;
			children = (
				2585941127BBF1BC0097B70A /* AppDelegate.swift */,
				2585941327BBF1BC0097B70A /* SceneDelegate.swift */,
				2585941A27BBF1BD0097B70A /* Assets.xcassets */,
				2585941F27BBF1BD0097B70A /* Info.plist */,
			);
			path = "Supporting Files";
			sourceTree = "<group>";
		};
		2585944227BBF2420097B70A /* Tests */ = {
			isa = PBXGroup;
			children = (
				2585942727BBF1BE0097B70A /* SusugramTests */,
				2585943127BBF1BE0097B70A /* SusugramUITests */,
			);
			path = Tests;
			sourceTree = "<group>";
		};
		2585944327BBF3610097B70A /* Controllers */ = {
			isa = PBXGroup;
			children = (
				2585941527BBF1BC0097B70A /* LoginViewController.swift */,
				2585944627BC29300097B70A /* HomeViewController.swift */,
				2585944A27BC2B360097B70A /* RegisterViewController.swift */,
				2585945627BC54200097B70A /* MainTabViewController.swift */,
			);
			path = Controllers;
			sourceTree = "<group>";
		};
		2585944427BBF3680097B70A /* Views */ = {
			isa = PBXGroup;
			children = (
				2585941727BBF1BC0097B70A /* Main.storyboard */,
				2585941C27BBF1BD0097B70A /* LaunchScreen.storyboard */,
				2585944727BC29300097B70A /* HomeViewController.xib */,
				2585944B27BC2B360097B70A /* RegisterViewController.xib */,
				2585945727BC54200097B70A /* MainTabViewController.xib */,
			);
			path = Views;
			sourceTree = "<group>";
		};
		2585944527BBF36D0097B70A /* Models */ = {
			isa = PBXGroup;
			children = (
				2585944E27BC31DE0097B70A /* User.swift */,
			);
			path = Models;
			sourceTree = "<group>";
		};
/* End PBXGroup section */

/* Begin PBXNativeTarget section */
		2585940D27BBF1BC0097B70A /* Susugram */ = {
			isa = PBXNativeTarget;
			buildConfigurationList = 2585943827BBF1BE0097B70A /* Build configuration list for PBXNativeTarget "Susugram" */;
			buildPhases = (
				2585940A27BBF1BC0097B70A /* Sources */,
				2585940B27BBF1BC0097B70A /* Frameworks */,
				2585940C27BBF1BC0097B70A /* Resources */,
			);
			buildRules = (
			);
			dependencies = (
			);
			name = Susugram;
			productName = Susugram;
			productReference = 2585940E27BBF1BC0097B70A /* Susugram.app */;
			productType = "com.apple.product-type.application";
		};
		2585942327BBF1BE0097B70A /* SusugramTests */ = {
			isa = PBXNativeTarget;
			buildConfigurationList = 2585943B27BBF1BE0097B70A /* Build configuration list for PBXNativeTarget "SusugramTests" */;
			buildPhases = (
				2585942027BBF1BE0097B70A /* Sources */,
				2585942127BBF1BE0097B70A /* Frameworks */,
				2585942227BBF1BE0097B70A /* Resources */,
			);
			buildRules = (
			);
			dependencies = (
				2585942627BBF1BE0097B70A /* PBXTargetDependency */,
			);
			name = SusugramTests;
			productName = SusugramTests;
			productReference = 2585942427BBF1BE0097B70A /* SusugramTests.xctest */;
			productType = "com.apple.product-type.bundle.unit-test";
		};
		2585942D27BBF1BE0097B70A /* SusugramUITests */ = {
			isa = PBXNativeTarget;
			buildConfigurationList = 2585943E27BBF1BE0097B70A /* Build configuration list for PBXNativeTarget "SusugramUITests" */;
			buildPhases = (
				2585942A27BBF1BE0097B70A /* Sources */,
				2585942B27BBF1BE0097B70A /* Frameworks */,
				2585942C27BBF1BE0097B70A /* Resources */,
			);
			buildRules = (
			);
			dependencies = (
				2585943027BBF1BE0097B70A /* PBXTargetDependency */,
			);
			name = SusugramUITests;
			productName = SusugramUITests;
			productReference = 2585942E27BBF1BE0097B70A /* SusugramUITests.xctest */;
			productType = "com.apple.product-type.bundle.ui-testing";
		};
/* End PBXNativeTarget section */

/* Begin PBXProject section */
		2585940627BBF1BC0097B70A /* Project object */ = {
			isa = PBXProject;
			attributes = {
				BuildIndependentTargetsInParallel = 1;
				LastSwiftUpdateCheck = 1320;
				LastUpgradeCheck = 1320;
				TargetAttributes = {
					2585940D27BBF1BC0097B70A = {
						CreatedOnToolsVersion = 13.2.1;
					};
					2585942327BBF1BE0097B70A = {
						CreatedOnToolsVersion = 13.2.1;
						TestTargetID = 2585940D27BBF1BC0097B70A;
					};
					2585942D27BBF1BE0097B70A = {
						CreatedOnToolsVersion = 13.2.1;
						TestTargetID = 2585940D27BBF1BC0097B70A;
					};
				};
			};
			buildConfigurationList = 2585940927BBF1BC0097B70A /* Build configuration list for PBXProject "Susugram" */;
			compatibilityVersion = "Xcode 13.0";
			developmentRegion = en;
			hasScannedForEncodings = 0;
			knownRegions = (
				en,
				Base,
			);
			mainGroup = 2585940527BBF1BC0097B70A;
			productRefGroup = 2585940F27BBF1BC0097B70A /* Products */;
			projectDirPath = "";
			projectRoot = "";
			targets = (
				2585940D27BBF1BC0097B70A /* Susugram */,
				2585942327BBF1BE0097B70A /* SusugramTests */,
				2585942D27BBF1BE0097B70A /* SusugramUITests */,
			);
		};
/* End PBXProject section */

/* Begin PBXResourcesBuildPhase section */
		2585940C27BBF1BC0097B70A /* Resources */ = {
			isa = PBXResourcesBuildPhase;
			buildActionMask = 2147483647;
			files = (
				2585941E27BBF1BD0097B70A /* LaunchScreen.storyboard in Resources */,
				2585944D27BC2B360097B70A /* RegisterViewController.xib in Resources */,
				2585941B27BBF1BD0097B70A /* Assets.xcassets in Resources */,
				2585945927BC54200097B70A /* MainTabViewController.xib in Resources */,
				2585941927BBF1BC0097B70A /* Main.storyboard in Resources */,
				2585944927BC29300097B70A /* HomeViewController.xib in Resources */,
			);
			runOnlyForDeploymentPostprocessing = 0;
		};
		2585942227BBF1BE0097B70A /* Resources */ = {
			isa = PBXResourcesBuildPhase;
			buildActionMask = 2147483647;
			files = (
			);
			runOnlyForDeploymentPostprocessing = 0;
		};
		2585942C27BBF1BE0097B70A /* Resources */ = {
			isa = PBXResourcesBuildPhase;
			buildActionMask = 2147483647;
			files = (
			);
			runOnlyForDeploymentPostprocessing = 0;
		};
/* End PBXResourcesBuildPhase section */

/* Begin PBXSourcesBuildPhase section */
		2585940A27BBF1BC0097B70A /* Sources */ = {
			isa = PBXSourcesBuildPhase;
			buildActionMask = 2147483647;
			files = (
				2585941627BBF1BC0097B70A /* LoginViewController.swift in Sources */,
				2585944C27BC2B360097B70A /* RegisterViewController.swift in Sources */,
				2585944F27BC31DE0097B70A /* User.swift in Sources */,
				2585941227BBF1BC0097B70A /* AppDelegate.swift in Sources */,
				2585941427BBF1BC0097B70A /* SceneDelegate.swift in Sources */,
				2585945827BC54200097B70A /* MainTabViewController.swift in Sources */,
				2585944827BC29300097B70A /* HomeViewController.swift in Sources */,
			);
			runOnlyForDeploymentPostprocessing = 0;
		};
		2585942027BBF1BE0097B70A /* Sources */ = {
			isa = PBXSourcesBuildPhase;
			buildActionMask = 2147483647;
			files = (
				2585942927BBF1BE0097B70A /* SusugramTests.swift in Sources */,
			);
			runOnlyForDeploymentPostprocessing = 0;
		};
		2585942A27BBF1BE0097B70A /* Sources */ = {
			isa = PBXSourcesBuildPhase;
			buildActionMask = 2147483647;
			files = (
				2585943527BBF1BE0097B70A /* SusugramUITestsLaunchTests.swift in Sources */,
				2585943327BBF1BE0097B70A /* SusugramUITests.swift in Sources */,
			);
			runOnlyForDeploymentPostprocessing = 0;
		};
/* End PBXSourcesBuildPhase section */

/* Begin PBXTargetDependency section */
		2585942627BBF1BE0097B70A /* PBXTargetDependency */ = {
			isa = PBXTargetDependency;
			target = 2585940D27BBF1BC0097B70A /* Susugram */;
			targetProxy = 2585942527BBF1BE0097B70A /* PBXContainerItemProxy */;
		};
		2585943027BBF1BE0097B70A /* PBXTargetDependency */ = {
			isa = PBXTargetDependency;
			target = 2585940D27BBF1BC0097B70A /* Susugram */;
			targetProxy = 2585942F27BBF1BE0097B70A /* PBXContainerItemProxy */;
		};
/* End PBXTargetDependency section */

/* Begin PBXVariantGroup section */
		2585941727BBF1BC0097B70A /* Main.storyboard */ = {
			isa = PBXVariantGroup;
			children = (
				2585941827BBF1BC0097B70A /* Base */,
			);
			name = Main.storyboard;
			sourceTree = "<group>";
		};
		2585941C27BBF1BD0097B70A /* LaunchScreen.storyboard */ = {
			isa = PBXVariantGroup;
			children = (
				2585941D27BBF1BD0097B70A /* Base */,
			);
			name = LaunchScreen.storyboard;
			sourceTree = "<group>";
		};
/* End PBXVariantGroup section */

/* Begin XCBuildConfiguration section */
		2585943627BBF1BE0097B70A /* Debug */ = {
			isa = XCBuildConfiguration;
			buildSettings = {
				ALWAYS_SEARCH_USER_PATHS = NO;
				CLANG_ANALYZER_NONNULL = YES;
				CLANG_ANALYZER_NUMBER_OBJECT_CONVERSION = YES_AGGRESSIVE;
				CLANG_CXX_LANGUAGE_STANDARD = "gnu++17";
				CLANG_CXX_LIBRARY = "libc++";
				CLANG_ENABLE_MODULES = YES;
				CLANG_ENABLE_OBJC_ARC = YES;
				CLANG_ENABLE_OBJC_WEAK = YES;
				CLANG_WARN_BLOCK_CAPTURE_AUTORELEASING = YES;
				CLANG_WARN_BOOL_CONVERSION = YES;
				CLANG_WARN_COMMA = YES;
				CLANG_WARN_CONSTANT_CONVERSION = YES;
				CLANG_WARN_DEPRECATED_OBJC_IMPLEMENTATIONS = YES;
				CLANG_WARN_DIRECT_OBJC_ISA_USAGE = YES_ERROR;
				CLANG_WARN_DOCUMENTATION_COMMENTS = YES;
				CLANG_WARN_EMPTY_BODY = YES;
				CLANG_WARN_ENUM_CONVERSION = YES;
				CLANG_WARN_INFINITE_RECURSION = YES;
				CLANG_WARN_INT_CONVERSION = YES;
				CLANG_WARN_NON_LITERAL_NULL_CONVERSION = YES;
				CLANG_WARN_OBJC_IMPLICIT_RETAIN_SELF = YES;
				CLANG_WARN_OBJC_LITERAL_CONVERSION = YES;
				CLANG_WARN_OBJC_ROOT_CLASS = YES_ERROR;
				CLANG_WARN_QUOTED_INCLUDE_IN_FRAMEWORK_HEADER = YES;
				CLANG_WARN_RANGE_LOOP_ANALYSIS = YES;
				CLANG_WARN_STRICT_PROTOTYPES = YES;
				CLANG_WARN_SUSPICIOUS_MOVE = YES;
				CLANG_WARN_UNGUARDED_AVAILABILITY = YES_AGGRESSIVE;
				CLANG_WARN_UNREACHABLE_CODE = YES;
				CLANG_WARN__DUPLICATE_METHOD_MATCH = YES;
				COPY_PHASE_STRIP = NO;
				DEBUG_INFORMATION_FORMAT = dwarf;
				ENABLE_STRICT_OBJC_MSGSEND = YES;
				ENABLE_TESTABILITY = YES;
				GCC_C_LANGUAGE_STANDARD = gnu11;
				GCC_DYNAMIC_NO_PIC = NO;
				GCC_NO_COMMON_BLOCKS = YES;
				GCC_OPTIMIZATION_LEVEL = 0;
				GCC_PREPROCESSOR_DEFINITIONS = (
					"DEBUG=1",
					"$(inherited)",
				);
				GCC_WARN_64_TO_32_BIT_CONVERSION = YES;
				GCC_WARN_ABOUT_RETURN_TYPE = YES_ERROR;
				GCC_WARN_UNDECLARED_SELECTOR = YES;
				GCC_WARN_UNINITIALIZED_AUTOS = YES_AGGRESSIVE;
				GCC_WARN_UNUSED_FUNCTION = YES;
				GCC_WARN_UNUSED_VARIABLE = YES;
				IPHONEOS_DEPLOYMENT_TARGET = 15.2;
				MTL_ENABLE_DEBUG_INFO = INCLUDE_SOURCE;
				MTL_FAST_MATH = YES;
				ONLY_ACTIVE_ARCH = YES;
				SDKROOT = iphoneos;
				SWIFT_ACTIVE_COMPILATION_CONDITIONS = DEBUG;
				SWIFT_OPTIMIZATION_LEVEL = "-Onone";
			};
			name = Debug;
		};
		2585943727BBF1BE0097B70A /* Release */ = {
			isa = XCBuildConfiguration;
			buildSettings = {
				ALWAYS_SEARCH_USER_PATHS = NO;
				CLANG_ANALYZER_NONNULL = YES;
				CLANG_ANALYZER_NUMBER_OBJECT_CONVERSION = YES_AGGRESSIVE;
				CLANG_CXX_LANGUAGE_STANDARD = "gnu++17";
				CLANG_CXX_LIBRARY = "libc++";
				CLANG_ENABLE_MODULES = YES;
				CLANG_ENABLE_OBJC_ARC = YES;
				CLANG_ENABLE_OBJC_WEAK = YES;
				CLANG_WARN_BLOCK_CAPTURE_AUTORELEASING = YES;
				CLANG_WARN_BOOL_CONVERSION = YES;
				CLANG_WARN_COMMA = YES;
				CLANG_WARN_CONSTANT_CONVERSION = YES;
				CLANG_WARN_DEPRECATED_OBJC_IMPLEMENTATIONS = YES;
				CLANG_WARN_DIRECT_OBJC_ISA_USAGE = YES_ERROR;
				CLANG_WARN_DOCUMENTATION_COMMENTS = YES;
				CLANG_WARN_EMPTY_BODY = YES;
				CLANG_WARN_ENUM_CONVERSION = YES;
				CLANG_WARN_INFINITE_RECURSION = YES;
				CLANG_WARN_INT_CONVERSION = YES;
				CLANG_WARN_NON_LITERAL_NULL_CONVERSION = YES;
				CLANG_WARN_OBJC_IMPLICIT_RETAIN_SELF = YES;
				CLANG_WARN_OBJC_LITERAL_CONVERSION = YES;
				CLANG_WARN_OBJC_ROOT_CLASS = YES_ERROR;
				CLANG_WARN_QUOTED_INCLUDE_IN_FRAMEWORK_HEADER = YES;
				CLANG_WARN_RANGE_LOOP_ANALYSIS = YES;
				CLANG_WARN_STRICT_PROTOTYPES = YES;
				CLANG_WARN_SUSPICIOUS_MOVE = YES;
				CLANG_WARN_UNGUARDED_AVAILABILITY = YES_AGGRESSIVE;
				CLANG_WARN_UNREACHABLE_CODE = YES;
				CLANG_WARN__DUPLICATE_METHOD_MATCH = YES;
				COPY_PHASE_STRIP = NO;
				DEBUG_INFORMATION_FORMAT = "dwarf-with-dsym";
				ENABLE_NS_ASSERTIONS = NO;
				ENABLE_STRICT_OBJC_MSGSEND = YES;
				GCC_C_LANGUAGE_STANDARD = gnu11;
				GCC_NO_COMMON_BLOCKS = YES;
				GCC_WARN_64_TO_32_BIT_CONVERSION = YES;
				GCC_WARN_ABOUT_RETURN_TYPE = YES_ERROR;
				GCC_WARN_UNDECLARED_SELECTOR = YES;
				GCC_WARN_UNINITIALIZED_AUTOS = YES_AGGRESSIVE;
				GCC_WARN_UNUSED_FUNCTION = YES;
				GCC_WARN_UNUSED_VARIABLE = YES;
				IPHONEOS_DEPLOYMENT_TARGET = 15.2;
				MTL_ENABLE_DEBUG_INFO = NO;
				MTL_FAST_MATH = YES;
				SDKROOT = iphoneos;
				SWIFT_COMPILATION_MODE = wholemodule;
				SWIFT_OPTIMIZATION_LEVEL = "-O";
				VALIDATE_PRODUCT = YES;
			};
			name = Release;
		};
		2585943927BBF1BE0097B70A /* Debug */ = {
			isa = XCBuildConfiguration;
			buildSettings = {
				ASSETCATALOG_COMPILER_APPICON_NAME = AppIcon;
				ASSETCATALOG_COMPILER_GLOBAL_ACCENT_COLOR_NAME = AccentColor;
				CODE_SIGN_STYLE = Automatic;
				CURRENT_PROJECT_VERSION = 1;
				DEVELOPMENT_TEAM = 9A83D6F3A2;
				GENERATE_INFOPLIST_FILE = YES;
				INFOPLIST_FILE = "Susugram/Supporting Files/Info.plist";
				INFOPLIST_KEY_UIApplicationSupportsIndirectInputEvents = YES;
				INFOPLIST_KEY_UILaunchStoryboardName = LaunchScreen;
				INFOPLIST_KEY_UIMainStoryboardFile = Main;
				INFOPLIST_KEY_UISupportedInterfaceOrientations_iPad = "UIInterfaceOrientationPortrait UIInterfaceOrientationPortraitUpsideDown UIInterfaceOrientationLandscapeLeft UIInterfaceOrientationLandscapeRight";
				INFOPLIST_KEY_UISupportedInterfaceOrientations_iPhone = "UIInterfaceOrientationPortrait UIInterfaceOrientationLandscapeLeft UIInterfaceOrientationLandscapeRight";
				LD_RUNPATH_SEARCH_PATHS = (
					"$(inherited)",
					"@executable_path/Frameworks",
				);
				MARKETING_VERSION = 1.0;
				PRODUCT_BUNDLE_IDENTIFIER = Suelen.Susugram;
				PRODUCT_NAME = "$(TARGET_NAME)";
				SWIFT_EMIT_LOC_STRINGS = YES;
				SWIFT_VERSION = 5.0;
				TARGETED_DEVICE_FAMILY = "1,2";
			};
			name = Debug;
		};
		2585943A27BBF1BE0097B70A /* Release */ = {
			isa = XCBuildConfiguration;
			buildSettings = {
				ASSETCATALOG_COMPILER_APPICON_NAME = AppIcon;
				ASSETCATALOG_COMPILER_GLOBAL_ACCENT_COLOR_NAME = AccentColor;
				CODE_SIGN_STYLE = Automatic;
				CURRENT_PROJECT_VERSION = 1;
				DEVELOPMENT_TEAM = 9A83D6F3A2;
				GENERATE_INFOPLIST_FILE = YES;
				INFOPLIST_FILE = "Susugram/Supporting Files/Info.plist";
				INFOPLIST_KEY_UIApplicationSupportsIndirectInputEvents = YES;
				INFOPLIST_KEY_UILaunchStoryboardName = LaunchScreen;
				INFOPLIST_KEY_UIMainStoryboardFile = Main;
				INFOPLIST_KEY_UISupportedInterfaceOrientations_iPad = "UIInterfaceOrientationPortrait UIInterfaceOrientationPortraitUpsideDown UIInterfaceOrientationLandscapeLeft UIInterfaceOrientationLandscapeRight";
				INFOPLIST_KEY_UISupportedInterfaceOrientations_iPhone = "UIInterfaceOrientationPortrait UIInterfaceOrientationLandscapeLeft UIInterfaceOrientationLandscapeRight";
				LD_RUNPATH_SEARCH_PATHS = (
					"$(inherited)",
					"@executable_path/Frameworks",
				);
				MARKETING_VERSION = 1.0;
				PRODUCT_BUNDLE_IDENTIFIER = Suelen.Susugram;
				PRODUCT_NAME = "$(TARGET_NAME)";
				SWIFT_EMIT_LOC_STRINGS = YES;
				SWIFT_VERSION = 5.0;
				TARGETED_DEVICE_FAMILY = "1,2";
			};
			name = Release;
		};
		2585943C27BBF1BE0097B70A /* Debug */ = {
			isa = XCBuildConfiguration;
			buildSettings = {
				ALWAYS_EMBED_SWIFT_STANDARD_LIBRARIES = YES;
				BUNDLE_LOADER = "$(TEST_HOST)";
				CODE_SIGN_STYLE = Automatic;
				CURRENT_PROJECT_VERSION = 1;
				DEVELOPMENT_TEAM = 9A83D6F3A2;
				GENERATE_INFOPLIST_FILE = YES;
				IPHONEOS_DEPLOYMENT_TARGET = 15.2;
				MARKETING_VERSION = 1.0;
				PRODUCT_BUNDLE_IDENTIFIER = Suelen.SusugramTests;
				PRODUCT_NAME = "$(TARGET_NAME)";
				SWIFT_EMIT_LOC_STRINGS = NO;
				SWIFT_VERSION = 5.0;
				TARGETED_DEVICE_FAMILY = "1,2";
				TEST_HOST = "$(BUILT_PRODUCTS_DIR)/Susugram.app/Susugram";
			};
			name = Debug;
		};
		2585943D27BBF1BE0097B70A /* Release */ = {
			isa = XCBuildConfiguration;
			buildSettings = {
				ALWAYS_EMBED_SWIFT_STANDARD_LIBRARIES = YES;
				BUNDLE_LOADER = "$(TEST_HOST)";
				CODE_SIGN_STYLE = Automatic;
				CURRENT_PROJECT_VERSION = 1;
				DEVELOPMENT_TEAM = 9A83D6F3A2;
				GENERATE_INFOPLIST_FILE = YES;
				IPHONEOS_DEPLOYMENT_TARGET = 15.2;
				MARKETING_VERSION = 1.0;
				PRODUCT_BUNDLE_IDENTIFIER = Suelen.SusugramTests;
				PRODUCT_NAME = "$(TARGET_NAME)";
				SWIFT_EMIT_LOC_STRINGS = NO;
				SWIFT_VERSION = 5.0;
				TARGETED_DEVICE_FAMILY = "1,2";
				TEST_HOST = "$(BUILT_PRODUCTS_DIR)/Susugram.app/Susugram";
			};
			name = Release;
		};
		2585943F27BBF1BE0097B70A /* Debug */ = {
			isa = XCBuildConfiguration;
			buildSettings = {
				ALWAYS_EMBED_SWIFT_STANDARD_LIBRARIES = YES;
				CODE_SIGN_STYLE = Automatic;
				CURRENT_PROJECT_VERSION = 1;
				DEVELOPMENT_TEAM = 9A83D6F3A2;
				GENERATE_INFOPLIST_FILE = YES;
				MARKETING_VERSION = 1.0;
				PRODUCT_BUNDLE_IDENTIFIER = Suelen.SusugramUITests;
				PRODUCT_NAME = "$(TARGET_NAME)";
				SWIFT_EMIT_LOC_STRINGS = NO;
				SWIFT_VERSION = 5.0;
				TARGETED_DEVICE_FAMILY = "1,2";
				TEST_TARGET_NAME = Susugram;
			};
			name = Debug;
		};
		2585944027BBF1BE0097B70A /* Release */ = {
			isa = XCBuildConfiguration;
			buildSettings = {
				ALWAYS_EMBED_SWIFT_STANDARD_LIBRARIES = YES;
				CODE_SIGN_STYLE = Automatic;
				CURRENT_PROJECT_VERSION = 1;
				DEVELOPMENT_TEAM = 9A83D6F3A2;
				GENERATE_INFOPLIST_FILE = YES;
				MARKETING_VERSION = 1.0;
				PRODUCT_BUNDLE_IDENTIFIER = Suelen.SusugramUITests;
				PRODUCT_NAME = "$(TARGET_NAME)";
				SWIFT_EMIT_LOC_STRINGS = NO;
				SWIFT_VERSION = 5.0;
				TARGETED_DEVICE_FAMILY = "1,2";
				TEST_TARGET_NAME = Susugram;
			};
			name = Release;
		};
/* End XCBuildConfiguration section */

/* Begin XCConfigurationList section */
		2585940927BBF1BC0097B70A /* Build configuration list for PBXProject "Susugram" */ = {
			isa = XCConfigurationList;
			buildConfigurations = (
				2585943627BBF1BE0097B70A /* Debug */,
				2585943727BBF1BE0097B70A /* Release */,
			);
			defaultConfigurationIsVisible = 0;
			defaultConfigurationName = Release;
		};
		2585943827BBF1BE0097B70A /* Build configuration list for PBXNativeTarget "Susugram" */ = {
			isa = XCConfigurationList;
			buildConfigurations = (
				2585943927BBF1BE0097B70A /* Debug */,
				2585943A27BBF1BE0097B70A /* Release */,
			);
			defaultConfigurationIsVisible = 0;
			defaultConfigurationName = Release;
		};
		2585943B27BBF1BE0097B70A /* Build configuration list for PBXNativeTarget "SusugramTests" */ = {
			isa = XCConfigurationList;
			buildConfigurations = (
				2585943C27BBF1BE0097B70A /* Debug */,
				2585943D27BBF1BE0097B70A /* Release */,
			);
			defaultConfigurationIsVisible = 0;
			defaultConfigurationName = Release;
		};
		2585943E27BBF1BE0097B70A /* Build configuration list for PBXNativeTarget "SusugramUITests" */ = {
			isa = XCConfigurationList;
			buildConfigurations = (
				2585943F27BBF1BE0097B70A /* Debug */,
				2585944027BBF1BE0097B70A /* Release */,
			);
			defaultConfigurationIsVisible = 0;
			defaultConfigurationName = Release;
		};
/* End XCConfigurationList section */
	};
	rootObject = 2585940627BBF1BC0097B70A /* Project object */;
}
